
Microsoft Visual Studio Solution File, Format Version 9.00
# Visual Studio 2005
Project("{F184B08F-C81C-45F6-A57F-5ABD9991F28F}") = "TempHum", "TempHum.vbproj", "{29B228F8-5FAD-4902-82BE-E448C0DC96DA}"
EndProject
Global
	GlobalSection(SolutionConfigurationPlatforms) = preSolution
		Debug|Any CPU = Debug|Any CPU
		Release|Any CPU = Release|Any CPU
	EndGlobalSection
	GlobalSection(ProjectConfigurationPlatforms) = postSolution
		{29B228F8-5FAD-4902-82BE-E448C0DC96DA}.Debug|Any CPU.ActiveCfg = Debug|Any CPU
		{29B228F8-5FAD-4902-82BE-E448C0DC96DA}.Debug|Any CPU.Build.0 = Debug|Any CPU
		{29B228F8-5FAD-4902-82BE-E448C0DC96DA}.Release|Any CPU.ActiveCfg = Release|Any CPU
		{29B228F8-5FAD-4902-82BE-E448C0DC96DA}.Release|Any CPU.Build.0 = Release|Any CPU
	EndGlobalSection
	GlobalSection(SolutionProperties) = preSolution
		HideSolutionNode = FALSE
	EndGlobalSection
EndGlobal
